{
  "version": 4,
  "terraform_version": "1.8.2",
  "serial": 1,
  "lineage": "f07db8f9-3f1c-c4fa-9941-82b95e988281",
  "outputs": {},
  "resources": [
    {
      "mode": "managed",
      "type": "newrelic_alert_muting_rule",
      "name": "foo",
      "provider": "provider[\"registry.terraform.io/newrelic/newrelic\"]",
      "instances": [
        {
          "schema_version": 0,
          "attributes": {
            "account_id": null,
            "condition": [
              {
                "conditions": [
                  {
                    "attribute": "conditionName",
                    "operator": "EQUALS",
                    "values": [
                      "Alerttfvar1"
                    ]
                  }
                ],
                "operator": "AND"
              }
            ],
            "description": "muting rule test.",
            "enabled": true,
            "id": "4411834:54191834",
            "name": "Example Muting Rule",
            "schedule": [
              {
                "end_repeat": "",
                "end_time": "2021-01-28T16:30:00",
                "repeat": "WEEKLY",
                "repeat_count": 42,
                "start_time": "2021-01-28T15:30:00",
                "time_zone": "America/Los_Angeles",
                "weekly_repeat_days": [
                  "FRIDAY",
                  "MONDAY",
                  "WEDNESDAY"
                ]
              }
            ]
          },
          "sensitive_attributes": [],
          "private": "bnVsbA=="
        }
      ]
    }
  ],
  "check_results": null
}
